
Microsoft Visual Studio Solution File, Format Version 12.00
# Visual Studio Version 17
VisualStudioVersion = 17.6.33815.320
MinimumVisualStudioVersion = 10.0.40219.1
Project("{54A90642-561A-4BB1-A94E-469ADEE60C69}") = "angularapp", "angularapp\angularapp.esproj", "{FB1D7C6B-0CB1-45F4-9ED1-A973D3CF2D79}"
	ProjectSection(ProjectDependencies) = postProject
		{592BEDE1-C737-498E-839D-272BEC887C6F} = {592BEDE1-C737-498E-839D-272BEC887C6F}
	EndProjectSection
EndProject
Project("{9A19103F-16F7-4668-BE54-9A1E7A4F7556}") = "webapi", "webapi\webapi.csproj", "{592BEDE1-C737-498E-839D-272BEC887C6F}"
EndProject
Project("{FAE04EC0-301F-11D3-BF4B-00C04F79EFBC}") = "ModelsStore", "ModelsStore\ModelsStore.csproj", "{D8783BF5-9E36-4E9E-8533-C54F963AB30B}"
EndProject
Global
	GlobalSection(SolutionConfigurationPlatforms) = preSolution
		Debug|Any CPU = Debug|Any CPU
		Release|Any CPU = Release|Any CPU
	EndGlobalSection
	GlobalSection(ProjectConfigurationPlatforms) = postSolution
		{FB1D7C6B-0CB1-45F4-9ED1-A973D3CF2D79}.Debug|Any CPU.ActiveCfg = Debug|Any CPU
		{FB1D7C6B-0CB1-45F4-9ED1-A973D3CF2D79}.Debug|Any CPU.Build.0 = Debug|Any CPU
		{FB1D7C6B-0CB1-45F4-9ED1-A973D3CF2D79}.Debug|Any CPU.Deploy.0 = Debug|Any CPU
		{FB1D7C6B-0CB1-45F4-9ED1-A973D3CF2D79}.Release|Any CPU.ActiveCfg = Release|Any CPU
		{FB1D7C6B-0CB1-45F4-9ED1-A973D3CF2D79}.Release|Any CPU.Build.0 = Release|Any CPU
		{FB1D7C6B-0CB1-45F4-9ED1-A973D3CF2D79}.Release|Any CPU.Deploy.0 = Release|Any CPU
		{592BEDE1-C737-498E-839D-272BEC887C6F}.Debug|Any CPU.ActiveCfg = Debug|Any CPU
		{592BEDE1-C737-498E-839D-272BEC887C6F}.Debug|Any CPU.Build.0 = Debug|Any CPU
		{592BEDE1-C737-498E-839D-272BEC887C6F}.Release|Any CPU.ActiveCfg = Release|Any CPU
		{592BEDE1-C737-498E-839D-272BEC887C6F}.Release|Any CPU.Build.0 = Release|Any CPU
		{D8783BF5-9E36-4E9E-8533-C54F963AB30B}.Debug|Any CPU.ActiveCfg = Debug|Any CPU
		{D8783BF5-9E36-4E9E-8533-C54F963AB30B}.Debug|Any CPU.Build.0 = Debug|Any CPU
		{D8783BF5-9E36-4E9E-8533-C54F963AB30B}.Release|Any CPU.ActiveCfg = Release|Any CPU
		{D8783BF5-9E36-4E9E-8533-C54F963AB30B}.Release|Any CPU.Build.0 = Release|Any CPU
	EndGlobalSection
	GlobalSection(SolutionProperties) = preSolution
		HideSolutionNode = FALSE
	EndGlobalSection
	GlobalSection(ExtensibilityGlobals) = postSolution
		SolutionGuid = {7B2BCD7F-CDC4-41A0-BFFD-55A5CBEAFC80}
	EndGlobalSection
EndGlobal
